
Microsoft Visual Studio Solution File, Format Version 11.00
# Visual C++ Express 2010
Project("{8BC9CEB8-8B4A-11D0-8D11-00A0C91BC942}") = "aura", "aura\aura.vcxproj", "{B57A04BC-13D4-4CAD-B835-C046B9D66269}"
EndProject
Project("{8BC9CEB8-8B4A-11D0-8D11-00A0C91BC942}") = "BNCSutil", "bncsutil\vc8_build\BNCSutil.vcxproj", "{CFB9AEE6-C0BB-49B0-B0F5-F564975202B8}"
EndProject
Global
	GlobalSection(SolutionConfigurationPlatforms) = preSolution
		Release|Win32 = Release|Win32
	EndGlobalSection
	GlobalSection(ProjectConfigurationPlatforms) = postSolution
		{CFB9AEE6-C0BB-49B0-B0F5-F564975202B8}.Release|Win32.ActiveCfg = Release|Win32
		{CFB9AEE6-C0BB-49B0-B0F5-F564975202B8}.Release|Win32.Build.0 = Release|Win32
	EndGlobalSection
	GlobalSection(SolutionProperties) = preSolution
		HideSolutionNode = FALSE
	EndGlobalSection
EndGlobal
