// !$*UTF8*$!
{
	archiveVersion = 1;
	classes = {
	};
	objectVersion = 46;
	objects = {

/* Begin PBXBuildFile section */
		B98A75A218D0A3E80042B671 /* main.cpp in Sources */ = {isa = PBXBuildFile; fileRef = B98A75A118D0A3E80042B671 /* main.cpp */; };
		B98A75A418D0A3E80042B671 /* aura_bot.1 in CopyFiles */ = {isa = PBXBuildFile; fileRef = B98A75A318D0A3E80042B671 /* aura_bot.1 */; };
/* End PBXBuildFile section */

/* Begin PBXCopyFilesBuildPhase section */
		B98A759C18D0A3E80042B671 /* CopyFiles */ = {
			isa = PBXCopyFilesBuildPhase;
			buildActionMask = 2147483647;
			dstPath = /usr/share/man/man1/;
			dstSubfolderSpec = 0;
			files = (
				B98A75A418D0A3E80042B671 /* aura_bot.1 in CopyFiles */,
			);
			runOnlyForDeploymentPostprocessing = 1;
		};
/* End PBXCopyFilesBuildPhase section */

/* Begin PBXFileReference section */
		B98A759E18D0A3E80042B671 /* aura-bot */ = {isa = PBXFileReference; explicitFileType = "compiled.mach-o.executable"; includeInIndex = 0; path = "aura-bot"; sourceTree = BUILT_PRODUCTS_DIR; };
		B98A75A118D0A3E80042B671 /* main.cpp */ = {isa = PBXFileReference; lastKnownFileType = sourcecode.cpp.cpp; path = main.cpp; sourceTree = "<group>"; };
		B98A75A318D0A3E80042B671 /* aura_bot.1 */ = {isa = PBXFileReference; lastKnownFileType = text.man; path = aura_bot.1; sourceTree = "<group>"; };
/* End PBXFileReference section */

/* Begin PBXFrameworksBuildPhase section */
		B98A759B18D0A3E80042B671 /* Frameworks */ = {
			isa = PBXFrameworksBuildPhase;
			buildActionMask = 2147483647;
			files = (
			);
			runOnlyForDeploymentPostprocessing = 0;
		};
/* End PBXFrameworksBuildPhase section */

/* Begin PBXGroup section */
		B98A759518D0A3E80042B671 = {
			isa = PBXGroup;
			children = (
				B98A75A018D0A3E80042B671 /* aura-bot */,
				B98A759F18D0A3E80042B671 /* Products */,
			);
			sourceTree = "<group>";
		};
		B98A759F18D0A3E80042B671 /* Products */ = {
			isa = PBXGroup;
			children = (
				B98A759E18D0A3E80042B671 /* aura-bot */,
			);
			name = Products;
			sourceTree = "<group>";
		};
		B98A75A018D0A3E80042B671 /* aura-bot */ = {
			isa = PBXGroup;
			children = (
				B98A75A118D0A3E80042B671 /* main.cpp */,
				B98A75A318D0A3E80042B671 /* aura_bot.1 */,
			);
			path = "aura-bot";
			sourceTree = "<group>";
		};
/* End PBXGroup section */

/* Begin PBXNativeTarget section */
		B98A759D18D0A3E80042B671 /* aura-bot */ = {
			isa = PBXNativeTarget;
			buildConfigurationList = B98A75A718D0A3E80042B671 /* Build configuration list for PBXNativeTarget "aura-bot" */;
			buildPhases = (
				B98A759A18D0A3E80042B671 /* Sources */,
				B98A759B18D0A3E80042B671 /* Frameworks */,
				B98A759C18D0A3E80042B671 /* CopyFiles */,
			);
			buildRules = (
			);
			dependencies = (
			);
			name = "aura-bot";
			productName = "aura-bot";
			productReference = B98A759E18D0A3E80042B671 /* aura-bot */;
			productType = "com.apple.product-type.tool";
		};
/* End PBXNativeTarget section */

/* Begin PBXProject section */
		B98A759618D0A3E80042B671 /* Project object */ = {
			isa = PBXProject;
			attributes = {
				LastUpgradeCheck = 0510;
				ORGANIZATIONNAME = "aura-bot";
			};
			buildConfigurationList = B98A759918D0A3E80042B671 /* Build configuration list for PBXProject "aura-bot" */;
			compatibilityVersion = "Xcode 3.2";
			developmentRegion = English;
			hasScannedForEncodings = 0;
			knownRegions = (
				en,
			);
			mainGroup = B98A759518D0A3E80042B671;
			productRefGroup = B98A759F18D0A3E80042B671 /* Products */;
			projectDirPath = "";
			projectRoot = "";
			targets = (
				B98A759D18D0A3E80042B671 /* aura-bot */,
			);
		};
/* End PBXProject section */

/* Begin PBXSourcesBuildPhase section */
		B98A759A18D0A3E80042B671 /* Sources */ = {
			isa = PBXSourcesBuildPhase;
			buildActionMask = 2147483647;
			files = (
				B98A75A218D0A3E80042B671 /* main.cpp in Sources */,
			);
			runOnlyForDeploymentPostprocessing = 0;
		};
/* End PBXSourcesBuildPhase section */

/* Begin XCBuildConfiguration section */
		B98A75A518D0A3E80042B671 /* Debug */ = {
			isa = XCBuildConfiguration;
			buildSettings = {
				ALWAYS_SEARCH_USER_PATHS = NO;
				CLANG_CXX_LANGUAGE_STANDARD = "gnu++0x";
				CLANG_CXX_LIBRARY = "libc++";
				CLANG_ENABLE_MODULES = YES;
				CLANG_ENABLE_OBJC_ARC = YES;
				CLANG_WARN_BOOL_CONVERSION = YES;
				CLANG_WARN_CONSTANT_CONVERSION = YES;
				CLANG_WARN_DIRECT_OBJC_ISA_USAGE = YES_ERROR;
				CLANG_WARN_EMPTY_BODY = YES;
				CLANG_WARN_ENUM_CONVERSION = YES;
				CLANG_WARN_INT_CONVERSION = YES;
				CLANG_WARN_OBJC_ROOT_CLASS = YES_ERROR;
				CLANG_WARN__DUPLICATE_METHOD_MATCH = YES;
				COPY_PHASE_STRIP = NO;
				GCC_C_LANGUAGE_STANDARD = gnu99;
				GCC_DYNAMIC_NO_PIC = NO;
				GCC_ENABLE_OBJC_EXCEPTIONS = YES;
				GCC_OPTIMIZATION_LEVEL = 0;
				GCC_PREPROCESSOR_DEFINITIONS = (
					"DEBUG=1",
					"$(inherited)",
				);
				GCC_SYMBOLS_PRIVATE_EXTERN = NO;
				GCC_WARN_64_TO_32_BIT_CONVERSION = YES;
				GCC_WARN_ABOUT_RETURN_TYPE = YES_ERROR;
				GCC_WARN_UNDECLARED_SELECTOR = YES;
				GCC_WARN_UNINITIALIZED_AUTOS = YES_AGGRESSIVE;
				GCC_WARN_UNUSED_FUNCTION = YES;
				GCC_WARN_UNUSED_VARIABLE = YES;
				MACOSX_DEPLOYMENT_TARGET = 10.9;
				ONLY_ACTIVE_ARCH = YES;
				SDKROOT = macosx;
			};
			name = Debug;
		};
		B98A75A618D0A3E80042B671 /* Release */ = {
			isa = XCBuildConfiguration;
			buildSettings = {
				ALWAYS_SEARCH_USER_PATHS = NO;
				CLANG_CXX_LANGUAGE_STANDARD = "gnu++0x";
				CLANG_CXX_LIBRARY = "libc++";
				CLANG_ENABLE_MODULES = YES;
				CLANG_ENABLE_OBJC_ARC = YES;
				CLANG_WARN_BOOL_CONVERSION = YES;
				CLANG_WARN_CONSTANT_CONVERSION = YES;
				CLANG_WARN_DIRECT_OBJC_ISA_USAGE = YES_ERROR;
				CLANG_WARN_EMPTY_BODY = YES;
				CLANG_WARN_ENUM_CONVERSION = YES;
				CLANG_WARN_INT_CONVERSION = YES;
				CLANG_WARN_OBJC_ROOT_CLASS = YES_ERROR;
				CLANG_WARN__DUPLICATE_METHOD_MATCH = YES;
				COPY_PHASE_STRIP = YES;
				DEBUG_INFORMATION_FORMAT = "dwarf-with-dsym";
				ENABLE_NS_ASSERTIONS = NO;
				GCC_C_LANGUAGE_STANDARD = gnu99;
				GCC_ENABLE_OBJC_EXCEPTIONS = YES;
				GCC_WARN_64_TO_32_BIT_CONVERSION = YES;
				GCC_WARN_ABOUT_RETURN_TYPE = YES_ERROR;
				GCC_WARN_UNDECLARED_SELECTOR = YES;
				GCC_WARN_UNINITIALIZED_AUTOS = YES_AGGRESSIVE;
				GCC_WARN_UNUSED_FUNCTION = YES;
				GCC_WARN_UNUSED_VARIABLE = YES;
				MACOSX_DEPLOYMENT_TARGET = 10.9;
				SDKROOT = macosx;
			};
			name = Release;
		};
		B98A75A818D0A3E80042B671 /* Debug */ = {
			isa = XCBuildConfiguration;
			buildSettings = {
				PRODUCT_NAME = "$(TARGET_NAME)";
			};
			name = Debug;
		};
		B98A75A918D0A3E80042B671 /* Release */ = {
			isa = XCBuildConfiguration;
			buildSettings = {
				PRODUCT_NAME = "$(TARGET_NAME)";
			};
			name = Release;
		};
/* End XCBuildConfiguration section */

/* Begin XCConfigurationList section */
		B98A759918D0A3E80042B671 /* Build configuration list for PBXProject "aura-bot" */ = {
			isa = XCConfigurationList;
			buildConfigurations = (
				B98A75A518D0A3E80042B671 /* Debug */,
				B98A75A618D0A3E80042B671 /* Release */,
			);
			defaultConfigurationIsVisible = 0;
			defaultConfigurationName = Release;
		};
		B98A75A718D0A3E80042B671 /* Build configuration list for PBXNativeTarget "aura-bot" */ = {
			isa = XCConfigurationList;
			buildConfigurations = (
				B98A75A818D0A3E80042B671 /* Debug */,
				B98A75A918D0A3E80042B671 /* Release */,
			);
			defaultConfigurationIsVisible = 0;
		};
/* End XCConfigurationList section */
	};
	rootObject = B98A759618D0A3E80042B671 /* Project object */;
}
